
Microsoft Visual Studio Solution File, Format Version 12.00
# Visual Studio Version 17
VisualStudioVersion = 17.4.33213.308
MinimumVisualStudioVersion = 10.0.40219.1
Project("{2150E333-8FDC-42A3-9474-1A3956D46DE8}") = "Malas practicas", "Malas practicas", "{65201421-47B4-43C1-9040-2237F8011C04}"
EndProject
Project("{9A19103F-16F7-4668-BE54-9A1E7A4F7556}") = "ExcessOfParallelization", "ExcessOfParallelization\ExcessOfParallelization.csproj", "{2B00A0BD-771D-49B5-90A0-67995A780A3E}"
EndProject
Project("{9A19103F-16F7-4668-BE54-9A1E7A4F7556}") = "Shared", "Shared\Shared.csproj", "{58D7C081-FBB7-4F0B-98DC-7ABB75A272BD}"
EndProject
Project("{9A19103F-16F7-4668-BE54-9A1E7A4F7556}") = "SumAsync", "SumAsync\SumAsync.csproj", "{08673E66-1CAD-4D95-8562-EE367AAFA5B6}"
EndProject
Project("{2150E333-8FDC-42A3-9474-1A3956D46DE8}") = "Programacion Asincrona", "Programacion Asincrona", "{3D39A7E3-4529-42A8-8DB3-429725A68C81}"
EndProject
Project("{9A19103F-16F7-4668-BE54-9A1E7A4F7556}") = "Cancellation", "Cancellation\Cancellation.csproj", "{377C1AC8-D843-4851-827D-BBE2529756C8}"
EndProject
Project("{9A19103F-16F7-4668-BE54-9A1E7A4F7556}") = "Winforms", "Winforms\Winforms.csproj", "{0C205ED7-6DA6-457F-9B8C-718BD5145314}"
EndProject
Project("{9A19103F-16F7-4668-BE54-9A1E7A4F7556}") = "AsyncVoid", "AsyncVoid\AsyncVoid.csproj", "{D2B90455-DED6-44EF-BA2F-B065FC1E5C05}"
EndProject
Project("{9A19103F-16F7-4668-BE54-9A1E7A4F7556}") = "Parallel", "Parallel\Parallel.csproj", "{70665E10-7938-4C4A-8ADD-A0AD7720C6C9}"
EndProject
Project("{9A19103F-16F7-4668-BE54-9A1E7A4F7556}") = "RaceCondition", "RaceCondition\RaceCondition.csproj", "{004DF8C4-C617-464B-AD8A-E3AFE2374045}"
EndProject
Project("{FAE04EC0-301F-11D3-BF4B-00C04F79EFBC}") = "CrashApi", "CrashApi\CrashApi.csproj", "{ECAC3D3C-BB9C-43F2-BE7E-947A179374D0}"
EndProject
Project("{FAE04EC0-301F-11D3-BF4B-00C04F79EFBC}") = "AwaitAwait", "AwaitAwait\AwaitAwait.csproj", "{5430034F-A2BC-4352-B1D6-51779AEF92C1}"
EndProject
Project("{FAE04EC0-301F-11D3-BF4B-00C04F79EFBC}") = "Stream", "Stream\Stream.csproj", "{AE6777D0-2D17-4BE3-921B-A275A2FB1973}"
EndProject
Project("{FAE04EC0-301F-11D3-BF4B-00C04F79EFBC}") = "Stream2", "Stream2\Stream2.csproj", "{B6BB6470-A577-423A-9607-EEC33D1724CA}"
EndProject
Project("{FAE04EC0-301F-11D3-BF4B-00C04F79EFBC}") = "Stream3", "Stream3\Stream3.csproj", "{B137D515-0CD8-462D-A3F6-8374605A8814}"
EndProject
Global
	GlobalSection(SolutionConfigurationPlatforms) = preSolution
		Debug|Any CPU = Debug|Any CPU
		Release|Any CPU = Release|Any CPU
	EndGlobalSection
	GlobalSection(ProjectConfigurationPlatforms) = postSolution
		{2B00A0BD-771D-49B5-90A0-67995A780A3E}.Debug|Any CPU.ActiveCfg = Debug|Any CPU
		{2B00A0BD-771D-49B5-90A0-67995A780A3E}.Debug|Any CPU.Build.0 = Debug|Any CPU
		{2B00A0BD-771D-49B5-90A0-67995A780A3E}.Release|Any CPU.ActiveCfg = Release|Any CPU
		{2B00A0BD-771D-49B5-90A0-67995A780A3E}.Release|Any CPU.Build.0 = Release|Any CPU
		{58D7C081-FBB7-4F0B-98DC-7ABB75A272BD}.Debug|Any CPU.ActiveCfg = Debug|Any CPU
		{58D7C081-FBB7-4F0B-98DC-7ABB75A272BD}.Debug|Any CPU.Build.0 = Debug|Any CPU
		{58D7C081-FBB7-4F0B-98DC-7ABB75A272BD}.Release|Any CPU.ActiveCfg = Release|Any CPU
		{58D7C081-FBB7-4F0B-98DC-7ABB75A272BD}.Release|Any CPU.Build.0 = Release|Any CPU
		{08673E66-1CAD-4D95-8562-EE367AAFA5B6}.Debug|Any CPU.ActiveCfg = Debug|Any CPU
		{08673E66-1CAD-4D95-8562-EE367AAFA5B6}.Debug|Any CPU.Build.0 = Debug|Any CPU
		{08673E66-1CAD-4D95-8562-EE367AAFA5B6}.Release|Any CPU.ActiveCfg = Release|Any CPU
		{08673E66-1CAD-4D95-8562-EE367AAFA5B6}.Release|Any CPU.Build.0 = Release|Any CPU
		{377C1AC8-D843-4851-827D-BBE2529756C8}.Debug|Any CPU.ActiveCfg = Debug|Any CPU
		{377C1AC8-D843-4851-827D-BBE2529756C8}.Debug|Any CPU.Build.0 = Debug|Any CPU
		{377C1AC8-D843-4851-827D-BBE2529756C8}.Release|Any CPU.ActiveCfg = Release|Any CPU
		{377C1AC8-D843-4851-827D-BBE2529756C8}.Release|Any CPU.Build.0 = Release|Any CPU
		{0C205ED7-6DA6-457F-9B8C-718BD5145314}.Debug|Any CPU.ActiveCfg = Debug|Any CPU
		{0C205ED7-6DA6-457F-9B8C-718BD5145314}.Debug|Any CPU.Build.0 = Debug|Any CPU
		{0C205ED7-6DA6-457F-9B8C-718BD5145314}.Release|Any CPU.ActiveCfg = Release|Any CPU
		{0C205ED7-6DA6-457F-9B8C-718BD5145314}.Release|Any CPU.Build.0 = Release|Any CPU
		{D2B90455-DED6-44EF-BA2F-B065FC1E5C05}.Debug|Any CPU.ActiveCfg = Debug|Any CPU
		{D2B90455-DED6-44EF-BA2F-B065FC1E5C05}.Debug|Any CPU.Build.0 = Debug|Any CPU
		{D2B90455-DED6-44EF-BA2F-B065FC1E5C05}.Release|Any CPU.ActiveCfg = Release|Any CPU
		{D2B90455-DED6-44EF-BA2F-B065FC1E5C05}.Release|Any CPU.Build.0 = Release|Any CPU
		{70665E10-7938-4C4A-8ADD-A0AD7720C6C9}.Debug|Any CPU.ActiveCfg = Debug|Any CPU
		{70665E10-7938-4C4A-8ADD-A0AD7720C6C9}.Debug|Any CPU.Build.0 = Debug|Any CPU
		{70665E10-7938-4C4A-8ADD-A0AD7720C6C9}.Release|Any CPU.ActiveCfg = Release|Any CPU
		{70665E10-7938-4C4A-8ADD-A0AD7720C6C9}.Release|Any CPU.Build.0 = Release|Any CPU
		{004DF8C4-C617-464B-AD8A-E3AFE2374045}.Debug|Any CPU.ActiveCfg = Debug|Any CPU
		{004DF8C4-C617-464B-AD8A-E3AFE2374045}.Debug|Any CPU.Build.0 = Debug|Any CPU
		{004DF8C4-C617-464B-AD8A-E3AFE2374045}.Release|Any CPU.ActiveCfg = Release|Any CPU
		{004DF8C4-C617-464B-AD8A-E3AFE2374045}.Release|Any CPU.Build.0 = Release|Any CPU
		{ECAC3D3C-BB9C-43F2-BE7E-947A179374D0}.Debug|Any CPU.ActiveCfg = Debug|Any CPU
		{ECAC3D3C-BB9C-43F2-BE7E-947A179374D0}.Debug|Any CPU.Build.0 = Debug|Any CPU
		{ECAC3D3C-BB9C-43F2-BE7E-947A179374D0}.Release|Any CPU.ActiveCfg = Release|Any CPU
		{ECAC3D3C-BB9C-43F2-BE7E-947A179374D0}.Release|Any CPU.Build.0 = Release|Any CPU
		{5430034F-A2BC-4352-B1D6-51779AEF92C1}.Debug|Any CPU.ActiveCfg = Debug|Any CPU
		{5430034F-A2BC-4352-B1D6-51779AEF92C1}.Debug|Any CPU.Build.0 = Debug|Any CPU
		{5430034F-A2BC-4352-B1D6-51779AEF92C1}.Release|Any CPU.ActiveCfg = Release|Any CPU
		{5430034F-A2BC-4352-B1D6-51779AEF92C1}.Release|Any CPU.Build.0 = Release|Any CPU
		{AE6777D0-2D17-4BE3-921B-A275A2FB1973}.Debug|Any CPU.ActiveCfg = Debug|Any CPU
		{AE6777D0-2D17-4BE3-921B-A275A2FB1973}.Debug|Any CPU.Build.0 = Debug|Any CPU
		{AE6777D0-2D17-4BE3-921B-A275A2FB1973}.Release|Any CPU.ActiveCfg = Release|Any CPU
		{AE6777D0-2D17-4BE3-921B-A275A2FB1973}.Release|Any CPU.Build.0 = Release|Any CPU
		{B6BB6470-A577-423A-9607-EEC33D1724CA}.Debug|Any CPU.ActiveCfg = Debug|Any CPU
		{B6BB6470-A577-423A-9607-EEC33D1724CA}.Debug|Any CPU.Build.0 = Debug|Any CPU
		{B6BB6470-A577-423A-9607-EEC33D1724CA}.Release|Any CPU.ActiveCfg = Release|Any CPU
		{B6BB6470-A577-423A-9607-EEC33D1724CA}.Release|Any CPU.Build.0 = Release|Any CPU
		{B137D515-0CD8-462D-A3F6-8374605A8814}.Debug|Any CPU.ActiveCfg = Debug|Any CPU
		{B137D515-0CD8-462D-A3F6-8374605A8814}.Debug|Any CPU.Build.0 = Debug|Any CPU
		{B137D515-0CD8-462D-A3F6-8374605A8814}.Release|Any CPU.ActiveCfg = Release|Any CPU
		{B137D515-0CD8-462D-A3F6-8374605A8814}.Release|Any CPU.Build.0 = Release|Any CPU
	EndGlobalSection
	GlobalSection(SolutionProperties) = preSolution
		HideSolutionNode = FALSE
	EndGlobalSection
	GlobalSection(NestedProjects) = preSolution
		{2B00A0BD-771D-49B5-90A0-67995A780A3E} = {65201421-47B4-43C1-9040-2237F8011C04}
		{08673E66-1CAD-4D95-8562-EE367AAFA5B6} = {65201421-47B4-43C1-9040-2237F8011C04}
		{377C1AC8-D843-4851-827D-BBE2529756C8} = {3D39A7E3-4529-42A8-8DB3-429725A68C81}
		{0C205ED7-6DA6-457F-9B8C-718BD5145314} = {3D39A7E3-4529-42A8-8DB3-429725A68C81}
		{D2B90455-DED6-44EF-BA2F-B065FC1E5C05} = {65201421-47B4-43C1-9040-2237F8011C04}
		{70665E10-7938-4C4A-8ADD-A0AD7720C6C9} = {3D39A7E3-4529-42A8-8DB3-429725A68C81}
		{004DF8C4-C617-464B-AD8A-E3AFE2374045} = {65201421-47B4-43C1-9040-2237F8011C04}
		{ECAC3D3C-BB9C-43F2-BE7E-947A179374D0} = {65201421-47B4-43C1-9040-2237F8011C04}
		{5430034F-A2BC-4352-B1D6-51779AEF92C1} = {3D39A7E3-4529-42A8-8DB3-429725A68C81}
		{AE6777D0-2D17-4BE3-921B-A275A2FB1973} = {3D39A7E3-4529-42A8-8DB3-429725A68C81}
		{B6BB6470-A577-423A-9607-EEC33D1724CA} = {3D39A7E3-4529-42A8-8DB3-429725A68C81}
		{B137D515-0CD8-462D-A3F6-8374605A8814} = {3D39A7E3-4529-42A8-8DB3-429725A68C81}
	EndGlobalSection
	GlobalSection(ExtensibilityGlobals) = postSolution
		SolutionGuid = {37296B43-A66B-44FB-B37A-A85D5A6B7055}
	EndGlobalSection
EndGlobal
